// !$*UTF8*$!
{
	archiveVersion = 1;
	classes = {
	};
	objectVersion = 56;
	objects = {

/* Begin PBXBuildFile section */
		13163D8D29193D42008D18F3 /* NavigationPickerLabel.swift in Sources */ = {isa = PBXBuildFile; fileRef = 13163D8C29193D42008D18F3 /* NavigationPickerLabel.swift */; };
		1318ADA32926D00200A17550 /* ClotheListRow.swift in Sources */ = {isa = PBXBuildFile; fileRef = 1318ADA22926D00200A17550 /* ClotheListRow.swift */; };
		1318ADA6292BD3BD00A17550 /* Optional+Extension.swift in Sources */ = {isa = PBXBuildFile; fileRef = 1318ADA4292BD32F00A17550 /* Optional+Extension.swift */; };
		131AA9222919717C00C876C2 /* GoogleService-Info.plist in Resources */ = {isa = PBXBuildFile; fileRef = 131AA9212919717C00C876C2 /* GoogleService-Info.plist */; };
		131AA9252919726100C876C2 /* FirebaseAnalytics in Frameworks */ = {isa = PBXBuildFile; productRef = 131AA9242919726100C876C2 /* FirebaseAnalytics */; };
		131AA9272919726100C876C2 /* FirebaseCrashlytics in Frameworks */ = {isa = PBXBuildFile; productRef = 131AA9262919726100C876C2 /* FirebaseCrashlytics */; };
		131AA92C291A847F00C876C2 /* FirebaseAuth in Frameworks */ = {isa = PBXBuildFile; productRef = 131AA92B291A847F00C876C2 /* FirebaseAuth */; };
		131AA92E291A87B200C876C2 /* FirebaseAnaliticsProvider.swift in Sources */ = {isa = PBXBuildFile; fileRef = 131AA92D291A87B200C876C2 /* FirebaseAnaliticsProvider.swift */; };
		131AA932291AA4EB00C876C2 /* CoreDataStack.swift in Sources */ = {isa = PBXBuildFile; fileRef = 131AA931291AA4EB00C876C2 /* CoreDataStack.swift */; };
		131AA935291AA87500C876C2 /* Armadio.xcdatamodeld in Sources */ = {isa = PBXBuildFile; fileRef = 131AA933291AA87500C876C2 /* Armadio.xcdatamodeld */; };
		134747E5292C0D0F00856593 /* NowToolbar.swift in Sources */ = {isa = PBXBuildFile; fileRef = 134747E4292C0D0F00856593 /* NowToolbar.swift */; };
		1358839829102116009C8531 /* LocalModels.swift in Sources */ = {isa = PBXBuildFile; fileRef = 1358839729102116009C8531 /* LocalModels.swift */; };
		1358839B29102136009C8531 /* WardrobeView.swift in Sources */ = {isa = PBXBuildFile; fileRef = 1358839A29102136009C8531 /* WardrobeView.swift */; };
		1358839F291025D3009C8531 /* WardrobeViewModel.swift in Sources */ = {isa = PBXBuildFile; fileRef = 1358839E291025D3009C8531 /* WardrobeViewModel.swift */; };
		135883A129102744009C8531 /* Color+Codable.swift in Sources */ = {isa = PBXBuildFile; fileRef = 135883A029102744009C8531 /* Color+Codable.swift */; };
		135883A429103D72009C8531 /* ClotheRow.swift in Sources */ = {isa = PBXBuildFile; fileRef = 135883A329103D72009C8531 /* ClotheRow.swift */; };
		135883A629103EDD009C8531 /* ClotheItem.swift in Sources */ = {isa = PBXBuildFile; fileRef = 135883A529103EDD009C8531 /* ClotheItem.swift */; };
		135883A82910402A009C8531 /* ClotheDetails.swift in Sources */ = {isa = PBXBuildFile; fileRef = 135883A72910402A009C8531 /* ClotheDetails.swift */; };
		135883AB291043F6009C8531 /* CircleImage.swift in Sources */ = {isa = PBXBuildFile; fileRef = 135883AA291043F6009C8531 /* CircleImage.swift */; };
		135883AD29104599009C8531 /* FavoriteButton.swift in Sources */ = {isa = PBXBuildFile; fileRef = 135883AC29104599009C8531 /* FavoriteButton.swift */; };
		135883AF2910FFAA009C8531 /* FloatingButton.swift in Sources */ = {isa = PBXBuildFile; fileRef = 135883AE2910FFAA009C8531 /* FloatingButton.swift */; };
		135883B2291108AF009C8531 /* ButtonMenuItem.swift in Sources */ = {isa = PBXBuildFile; fileRef = 135883B1291108AF009C8531 /* ButtonMenuItem.swift */; };
		135883B529111133009C8531 /* AddNewClotheView.swift in Sources */ = {isa = PBXBuildFile; fileRef = 135883B429111133009C8531 /* AddNewClotheView.swift */; };
		135883B729112FAF009C8531 /* ColorPickerDetails.swift in Sources */ = {isa = PBXBuildFile; fileRef = 135883B629112FAF009C8531 /* ColorPickerDetails.swift */; };
		135F546A292EA684000E6A93 /* GeneralOverview.swift in Sources */ = {isa = PBXBuildFile; fileRef = 135F5469292EA684000E6A93 /* GeneralOverview.swift */; };
		135F546D292EB5C3000E6A93 /* PriceOverview.swift in Sources */ = {isa = PBXBuildFile; fileRef = 135F546C292EB5C3000E6A93 /* PriceOverview.swift */; };
		136E39FD293246FE00595EE6 /* PopularityOverview.swift in Sources */ = {isa = PBXBuildFile; fileRef = 136E39FC293246FE00595EE6 /* PopularityOverview.swift */; };
		136E39FF29326C5200595EE6 /* PriceOverviewDetails.swift in Sources */ = {isa = PBXBuildFile; fileRef = 136E39FE29326C5200595EE6 /* PriceOverviewDetails.swift */; };
		136E3A012933670F00595EE6 /* GeneralOverviewDetails.swift in Sources */ = {isa = PBXBuildFile; fileRef = 136E3A002933670F00595EE6 /* GeneralOverviewDetails.swift */; };
		136E3A032933677C00595EE6 /* TimeRangePicker.swift in Sources */ = {isa = PBXBuildFile; fileRef = 136E3A022933677C00595EE6 /* TimeRangePicker.swift */; };
		136E3A052933682600595EE6 /* Date+Extension.swift in Sources */ = {isa = PBXBuildFile; fileRef = 136E3A042933682600595EE6 /* Date+Extension.swift */; };
		136E3A07293371C800595EE6 /* PopularityOverviewDetails.swift in Sources */ = {isa = PBXBuildFile; fileRef = 136E3A06293371C800595EE6 /* PopularityOverviewDetails.swift */; };
		1373D6A729242453009A8930 /* FilteredListView.swift in Sources */ = {isa = PBXBuildFile; fileRef = 1373D6A629242452009A8930 /* FilteredListView.swift */; };
		1373D6A92924BEB3009A8930 /* FilteredListViewModel.swift in Sources */ = {isa = PBXBuildFile; fileRef = 1373D6A82924BEB3009A8930 /* FilteredListViewModel.swift */; };
		1373D6AC2924C059009A8930 /* SortMenuView.swift in Sources */ = {isa = PBXBuildFile; fileRef = 1373D6AB2924C059009A8930 /* SortMenuView.swift */; };
		13816AB329338368007AE2FB /* ReceiptDetails.swift in Sources */ = {isa = PBXBuildFile; fileRef = 13816AB229338368007AE2FB /* ReceiptDetails.swift */; };
		13816AB92933903E007AE2FB /* SimulatorDefaulView.swift in Sources */ = {isa = PBXBuildFile; fileRef = 13816AB82933903E007AE2FB /* SimulatorDefaulView.swift */; };
		13816ABC2933D2FF007AE2FB /* ClothesListViewModel.swift in Sources */ = {isa = PBXBuildFile; fileRef = 13816ABB2933D2FF007AE2FB /* ClothesListViewModel.swift */; };
		13816ABE2933D315007AE2FB /* ClothesListView.swift in Sources */ = {isa = PBXBuildFile; fileRef = 13816ABD2933D315007AE2FB /* ClothesListView.swift */; };
		13872FED290ACA7E0049D1D2 /* ArmadioApp.swift in Sources */ = {isa = PBXBuildFile; fileRef = 13872FEC290ACA7E0049D1D2 /* ArmadioApp.swift */; };
		13872FEF290ACA7E0049D1D2 /* ContentView.swift in Sources */ = {isa = PBXBuildFile; fileRef = 13872FEE290ACA7E0049D1D2 /* ContentView.swift */; };
		13872FF1290ACA800049D1D2 /* Assets.xcassets in Resources */ = {isa = PBXBuildFile; fileRef = 13872FF0290ACA800049D1D2 /* Assets.xcassets */; };
		13872FF4290ACA800049D1D2 /* Preview Assets.xcassets in Resources */ = {isa = PBXBuildFile; fileRef = 13872FF3290ACA800049D1D2 /* Preview Assets.xcassets */; };
		13873009290ACB1A0049D1D2 /* ViewInspector in Frameworks */ = {isa = PBXBuildFile; productRef = 13873008290ACB1A0049D1D2 /* ViewInspector */; };
		1387300D290ADA8A0049D1D2 /* PrimaryButton.swift in Sources */ = {isa = PBXBuildFile; fileRef = 1387300C290ADA8A0049D1D2 /* PrimaryButton.swift */; };
		1387300F290ADAA20049D1D2 /* NavigationButton.swift in Sources */ = {isa = PBXBuildFile; fileRef = 1387300E290ADAA20049D1D2 /* NavigationButton.swift */; };
		13873012290ADAC70049D1D2 /* Inspection.swift in Sources */ = {isa = PBXBuildFile; fileRef = 13873011290ADAC70049D1D2 /* Inspection.swift */; };
		13873015290ADAE30049D1D2 /* ButtonStyles.swift in Sources */ = {isa = PBXBuildFile; fileRef = 13873014290ADAE30049D1D2 /* ButtonStyles.swift */; };
		13873017290ADAF60049D1D2 /* TextStyles.swift in Sources */ = {isa = PBXBuildFile; fileRef = 13873016290ADAF60049D1D2 /* TextStyles.swift */; };
		1387301E290ADB7B0049D1D2 /* LoginView.swift in Sources */ = {isa = PBXBuildFile; fileRef = 1387301D290ADB7B0049D1D2 /* LoginView.swift */; };
		13873020290ADB910049D1D2 /* GetStartedView.swift in Sources */ = {isa = PBXBuildFile; fileRef = 1387301F290ADB910049D1D2 /* GetStartedView.swift */; };
		13873022290ADBA60049D1D2 /* GetStartedViewModel.swift in Sources */ = {isa = PBXBuildFile; fileRef = 13873021290ADBA60049D1D2 /* GetStartedViewModel.swift */; };
		13873024290ADBD60049D1D2 /* LoginOptionsView.swift in Sources */ = {isa = PBXBuildFile; fileRef = 13873023290ADBD60049D1D2 /* LoginOptionsView.swift */; };
		13873026290ADBFE0049D1D2 /* SelectYourCountryView.swift in Sources */ = {isa = PBXBuildFile; fileRef = 13873025290ADBFE0049D1D2 /* SelectYourCountryView.swift */; };
		13873028290ADC140049D1D2 /* CountryListView.swift in Sources */ = {isa = PBXBuildFile; fileRef = 13873027290ADC140049D1D2 /* CountryListView.swift */; };
		1387302B290ADC490049D1D2 /* Inspection+Extension.swift in Sources */ = {isa = PBXBuildFile; fileRef = 1387302A290ADC490049D1D2 /* Inspection+Extension.swift */; };
		13873030290ADC7E0049D1D2 /* LoginOptionsViewTests.swift in Sources */ = {isa = PBXBuildFile; fileRef = 1387302F290ADC7E0049D1D2 /* LoginOptionsViewTests.swift */; };
		13873033290ADC9A0049D1D2 /* GetStartedTests.swift in Sources */ = {isa = PBXBuildFile; fileRef = 13873032290ADC9A0049D1D2 /* GetStartedTests.swift */; };
		13873035290ADCB70049D1D2 /* PreviewTests.swift in Sources */ = {isa = PBXBuildFile; fileRef = 13873034290ADCB70049D1D2 /* PreviewTests.swift */; };
		13873037290AEA250049D1D2 /* CheckboxView.swift in Sources */ = {isa = PBXBuildFile; fileRef = 13873036290AEA250049D1D2 /* CheckboxView.swift */; };
		1387303A290AF6170049D1D2 /* CountryFlagProvider.swift in Sources */ = {isa = PBXBuildFile; fileRef = 13873039290AF6170049D1D2 /* CountryFlagProvider.swift */; };
		1387303E290AF7E60049D1D2 /* SelectYourCountryViewModel.swift in Sources */ = {isa = PBXBuildFile; fileRef = 1387303D290AF7E60049D1D2 /* SelectYourCountryViewModel.swift */; };
		13873040290AF9430049D1D2 /* CountryListViewModel.swift in Sources */ = {isa = PBXBuildFile; fileRef = 1387303F290AF9430049D1D2 /* CountryListViewModel.swift */; };
		13873043290BE5B10049D1D2 /* Color.swift in Sources */ = {isa = PBXBuildFile; fileRef = 13873042290BE5B10049D1D2 /* Color.swift */; };
		13873045290BFE390049D1D2 /* Localized.swift in Sources */ = {isa = PBXBuildFile; fileRef = 13873044290BFE390049D1D2 /* Localized.swift */; };
		13873047290BFE6B0049D1D2 /* Localizable.strings in Resources */ = {isa = PBXBuildFile; fileRef = 13873046290BFE6B0049D1D2 /* Localizable.strings */; };
		13873049290C225A0049D1D2 /* LoginOptionsViewModel.swift in Sources */ = {isa = PBXBuildFile; fileRef = 13873048290C225A0049D1D2 /* LoginOptionsViewModel.swift */; };
		1392AC6D2923E508003E1934 /* NowViewModel.swift in Sources */ = {isa = PBXBuildFile; fileRef = 1392AC6C2923E508003E1934 /* NowViewModel.swift */; };
		1392AC702923E687003E1934 /* SelectYourClotheView.swift in Sources */ = {isa = PBXBuildFile; fileRef = 1392AC6F2923E687003E1934 /* SelectYourClotheView.swift */; };
		1392AC722923E691003E1934 /* SelectYourClotheViewModel.swift in Sources */ = {isa = PBXBuildFile; fileRef = 1392AC712923E691003E1934 /* SelectYourClotheViewModel.swift */; };
		1392AC7629240436003E1934 /* EntitiesTests.swift in Sources */ = {isa = PBXBuildFile; fileRef = 1392AC7529240436003E1934 /* EntitiesTests.swift */; };
		13A3A920290D0A9900A49D99 /* Shake.swift in Sources */ = {isa = PBXBuildFile; fileRef = 13A3A91F290D0A9900A49D99 /* Shake.swift */; };
		13A3A924290D10B800A49D99 /* RequiredView.swift in Sources */ = {isa = PBXBuildFile; fileRef = 13A3A923290D10B800A49D99 /* RequiredView.swift */; };
		13A3A927290D2B1C00A49D99 /* HomeView.swift in Sources */ = {isa = PBXBuildFile; fileRef = 13A3A926290D2B1C00A49D99 /* HomeView.swift */; };
		13A4C20229219B7500056034 /* ScannerView.swift in Sources */ = {isa = PBXBuildFile; fileRef = 13A4C20129219B7500056034 /* ScannerView.swift */; };
		13A4C20529219CDD00056034 /* ScannerDetailsView.swift in Sources */ = {isa = PBXBuildFile; fileRef = 13A4C20429219CDD00056034 /* ScannerDetailsView.swift */; };
		13A4C2072922299A00056034 /* ClotheDataProvider.swift in Sources */ = {isa = PBXBuildFile; fileRef = 13A4C2062922299A00056034 /* ClotheDataProvider.swift */; };
		13A4C20A2922303800056034 /* PhotosPickerView.swift in Sources */ = {isa = PBXBuildFile; fileRef = 13A4C2092922303800056034 /* PhotosPickerView.swift */; };
		13A4C20D29229B1F00056034 /* NowView.swift in Sources */ = {isa = PBXBuildFile; fileRef = 13A4C20C29229B1F00056034 /* NowView.swift */; };
		13A73D35292E031900A7CFED /* StatsViewModel.swift in Sources */ = {isa = PBXBuildFile; fileRef = 13A73D34292E031900A7CFED /* StatsViewModel.swift */; };
		13A73D37292E033500A7CFED /* StatsView.swift in Sources */ = {isa = PBXBuildFile; fileRef = 13A73D36292E033500A7CFED /* StatsView.swift */; };
		13AA6FB52918393B006BBDAA /* NavigationPickerDetailsDate.swift in Sources */ = {isa = PBXBuildFile; fileRef = 13AA6FB42918393B006BBDAA /* NavigationPickerDetailsDate.swift */; };
		13AE6F0C2912A03800D8FABA /* AddNewClotheViewModel.swift in Sources */ = {isa = PBXBuildFile; fileRef = 13AE6F0B2912A03800D8FABA /* AddNewClotheViewModel.swift */; };
		13B19A5D293783C3002E8AF1 /* ClothePropertyPicker.swift in Sources */ = {isa = PBXBuildFile; fileRef = 13B19A5C293783C3002E8AF1 /* ClothePropertyPicker.swift */; };
		13B8E8F82914FAD300F3FDDC /* NavigationPickerDetailsDescription.swift in Sources */ = {isa = PBXBuildFile; fileRef = 13B8E8F72914FAD300F3FDDC /* NavigationPickerDetailsDescription.swift */; };
		13B8E8FE2915763600F3FDDC /* NavigationPickerDetailsPrice.swift in Sources */ = {isa = PBXBuildFile; fileRef = 13B8E8FD2915763600F3FDDC /* NavigationPickerDetailsPrice.swift */; };
		13B8E9002915899000F3FDDC /* NavigationPickerDetailsCategory.swift in Sources */ = {isa = PBXBuildFile; fileRef = 13B8E8FF2915899000F3FDDC /* NavigationPickerDetailsCategory.swift */; };
		13B8E909291670E300F3FDDC /* NavigationPickerDetailsDefault.swift in Sources */ = {isa = PBXBuildFile; fileRef = 13B8E908291670E300F3FDDC /* NavigationPickerDetailsDefault.swift */; };
		13EFA819292D0DED00F89CE6 /* Alignment.swift in Sources */ = {isa = PBXBuildFile; fileRef = 13EFA818292D0DED00F89CE6 /* Alignment.swift */; };
		13EFA81B292D11EE00F89CE6 /* CustomSheetView.swift in Sources */ = {isa = PBXBuildFile; fileRef = 13EFA81A292D11EE00F89CE6 /* CustomSheetView.swift */; };
		13EFA81D292D13E600F89CE6 /* CustomOverlayedButton.swift in Sources */ = {isa = PBXBuildFile; fileRef = 13EFA81C292D13E600F89CE6 /* CustomOverlayedButton.swift */; };
		13EFA82A292D321400F89CE6 /* Stats+CoreDataClass.swift in Sources */ = {isa = PBXBuildFile; fileRef = 13EFA828292D321400F89CE6 /* Stats+CoreDataClass.swift */; };
		13EFA82B292D321400F89CE6 /* Stats+CoreDataProperties.swift in Sources */ = {isa = PBXBuildFile; fileRef = 13EFA829292D321400F89CE6 /* Stats+CoreDataProperties.swift */; };
		13F8921E291E484F00A2E2F1 /* Price+CoreDataClass.swift in Sources */ = {isa = PBXBuildFile; fileRef = 13F8921C291E484F00A2E2F1 /* Price+CoreDataClass.swift */; };
		13F8921F291E484F00A2E2F1 /* Price+CoreDataProperties.swift in Sources */ = {isa = PBXBuildFile; fileRef = 13F8921D291E484F00A2E2F1 /* Price+CoreDataProperties.swift */; };
		13F89222291E49BB00A2E2F1 /* Clothe+CoreDataClass.swift in Sources */ = {isa = PBXBuildFile; fileRef = 13F89220291E49BB00A2E2F1 /* Clothe+CoreDataClass.swift */; };
		13F89223291E49BB00A2E2F1 /* Clothe+CoreDataProperties.swift in Sources */ = {isa = PBXBuildFile; fileRef = 13F89221291E49BB00A2E2F1 /* Clothe+CoreDataProperties.swift */; };
		13F8922D291E5C6B00A2E2F1 /* Category+CoreDataClass.swift in Sources */ = {isa = PBXBuildFile; fileRef = 13F89227291E5C6B00A2E2F1 /* Category+CoreDataClass.swift */; };
		13F8922E291E5C6B00A2E2F1 /* Category+CoreDataProperties.swift in Sources */ = {isa = PBXBuildFile; fileRef = 13F89228291E5C6B00A2E2F1 /* Category+CoreDataProperties.swift */; };
		13F8922F291E5C6B00A2E2F1 /* Subcategory+CoreDataClass.swift in Sources */ = {isa = PBXBuildFile; fileRef = 13F89229291E5C6B00A2E2F1 /* Subcategory+CoreDataClass.swift */; };
		13F89230291E5C6B00A2E2F1 /* Subcategory+CoreDataProperties.swift in Sources */ = {isa = PBXBuildFile; fileRef = 13F8922A291E5C6B00A2E2F1 /* Subcategory+CoreDataProperties.swift */; };
		13F89231291E5C6B00A2E2F1 /* Receipt+CoreDataClass.swift in Sources */ = {isa = PBXBuildFile; fileRef = 13F8922B291E5C6B00A2E2F1 /* Receipt+CoreDataClass.swift */; };
		13F89232291E5C6B00A2E2F1 /* Receipt+CoreDataProperties.swift in Sources */ = {isa = PBXBuildFile; fileRef = 13F8922C291E5C6B00A2E2F1 /* Receipt+CoreDataProperties.swift */; };
		2AA4849A290E70E900EC4814 /* Factory in Frameworks */ = {isa = PBXBuildFile; productRef = 2AA48499290E70E900EC4814 /* Factory */; };
		2AA4849C290E77DE00EC4814 /* Injection.swift in Sources */ = {isa = PBXBuildFile; fileRef = 2AA4849B290E77DE00EC4814 /* Injection.swift */; };
		2AE863D2290FB57B00EA1B4B /* SelectYourCountryViewModelTests.swift in Sources */ = {isa = PBXBuildFile; fileRef = 2AE863D1290FB57B00EA1B4B /* SelectYourCountryViewModelTests.swift */; };
		2AE863D5290FB9A800EA1B4B /* CountryListViewModelTests.swift in Sources */ = {isa = PBXBuildFile; fileRef = 2AE863D4290FB9A800EA1B4B /* CountryListViewModelTests.swift */; };
/* End PBXBuildFile section */

/* Begin PBXContainerItemProxy section */
		13873002290ACAFD0049D1D2 /* PBXContainerItemProxy */ = {
			isa = PBXContainerItemProxy;
			containerPortal = 13872FE1290ACA7E0049D1D2 /* Project object */;
			proxyType = 1;
			remoteGlobalIDString = 13872FE8290ACA7E0049D1D2;
			remoteInfo = Armadio;
		};
/* End PBXContainerItemProxy section */

/* Begin PBXFileReference section */
		13163D8C29193D42008D18F3 /* NavigationPickerLabel.swift */ = {isa = PBXFileReference; lastKnownFileType = sourcecode.swift; path = NavigationPickerLabel.swift; sourceTree = "<group>"; };
		1318ADA22926D00200A17550 /* ClotheListRow.swift */ = {isa = PBXFileReference; lastKnownFileType = sourcecode.swift; path = ClotheListRow.swift; sourceTree = "<group>"; };
		1318ADA4292BD32F00A17550 /* Optional+Extension.swift */ = {isa = PBXFileReference; lastKnownFileType = sourcecode.swift; path = "Optional+Extension.swift"; sourceTree = "<group>"; };
		131AA9212919717C00C876C2 /* GoogleService-Info.plist */ = {isa = PBXFileReference; fileEncoding = 4; lastKnownFileType = text.plist.xml; path = "GoogleService-Info.plist"; sourceTree = "<group>"; };
		131AA92D291A87B200C876C2 /* FirebaseAnaliticsProvider.swift */ = {isa = PBXFileReference; lastKnownFileType = sourcecode.swift; path = FirebaseAnaliticsProvider.swift; sourceTree = "<group>"; };
		131AA931291AA4EB00C876C2 /* CoreDataStack.swift */ = {isa = PBXFileReference; lastKnownFileType = sourcecode.swift; path = CoreDataStack.swift; sourceTree = "<group>"; };
		131AA934291AA87500C876C2 /* Armadio.xcdatamodel */ = {isa = PBXFileReference; lastKnownFileType = wrapper.xcdatamodel; path = Armadio.xcdatamodel; sourceTree = "<group>"; };
		134747E4292C0D0F00856593 /* NowToolbar.swift */ = {isa = PBXFileReference; lastKnownFileType = sourcecode.swift; path = NowToolbar.swift; sourceTree = "<group>"; };
		1358839729102116009C8531 /* LocalModels.swift */ = {isa = PBXFileReference; fileEncoding = 4; lastKnownFileType = sourcecode.swift; name = LocalModels.swift; path = Armadio/Models/LocalModels.swift; sourceTree = SOURCE_ROOT; };
		1358839A29102136009C8531 /* WardrobeView.swift */ = {isa = PBXFileReference; fileEncoding = 4; lastKnownFileType = sourcecode.swift; path = WardrobeView.swift; sourceTree = "<group>"; };
		1358839E291025D3009C8531 /* WardrobeViewModel.swift */ = {isa = PBXFileReference; lastKnownFileType = sourcecode.swift; path = WardrobeViewModel.swift; sourceTree = "<group>"; };
		135883A029102744009C8531 /* Color+Codable.swift */ = {isa = PBXFileReference; lastKnownFileType = sourcecode.swift; path = "Color+Codable.swift"; sourceTree = "<group>"; };
		135883A329103D72009C8531 /* ClotheRow.swift */ = {isa = PBXFileReference; lastKnownFileType = sourcecode.swift; path = ClotheRow.swift; sourceTree = "<group>"; };
		135883A529103EDD009C8531 /* ClotheItem.swift */ = {isa = PBXFileReference; lastKnownFileType = sourcecode.swift; path = ClotheItem.swift; sourceTree = "<group>"; };
		135883A72910402A009C8531 /* ClotheDetails.swift */ = {isa = PBXFileReference; lastKnownFileType = sourcecode.swift; path = ClotheDetails.swift; sourceTree = "<group>"; };
		135883AA291043F6009C8531 /* CircleImage.swift */ = {isa = PBXFileReference; lastKnownFileType = sourcecode.swift; path = CircleImage.swift; sourceTree = "<group>"; };
		135883AC29104599009C8531 /* FavoriteButton.swift */ = {isa = PBXFileReference; lastKnownFileType = sourcecode.swift; path = FavoriteButton.swift; sourceTree = "<group>"; };
		135883AE2910FFAA009C8531 /* FloatingButton.swift */ = {isa = PBXFileReference; lastKnownFileType = sourcecode.swift; path = FloatingButton.swift; sourceTree = "<group>"; };
		135883B1291108AF009C8531 /* ButtonMenuItem.swift */ = {isa = PBXFileReference; lastKnownFileType = sourcecode.swift; path = ButtonMenuItem.swift; sourceTree = "<group>"; };
		135883B429111133009C8531 /* AddNewClotheView.swift */ = {isa = PBXFileReference; lastKnownFileType = sourcecode.swift; path = AddNewClotheView.swift; sourceTree = "<group>"; };
		135883B629112FAF009C8531 /* ColorPickerDetails.swift */ = {isa = PBXFileReference; lastKnownFileType = sourcecode.swift; path = ColorPickerDetails.swift; sourceTree = "<group>"; };
		135F5469292EA684000E6A93 /* GeneralOverview.swift */ = {isa = PBXFileReference; lastKnownFileType = sourcecode.swift; path = GeneralOverview.swift; sourceTree = "<group>"; };
		135F546C292EB5C3000E6A93 /* PriceOverview.swift */ = {isa = PBXFileReference; lastKnownFileType = sourcecode.swift; path = PriceOverview.swift; sourceTree = "<group>"; };
		136E39FC293246FE00595EE6 /* PopularityOverview.swift */ = {isa = PBXFileReference; lastKnownFileType = sourcecode.swift; path = PopularityOverview.swift; sourceTree = "<group>"; };
		136E39FE29326C5200595EE6 /* PriceOverviewDetails.swift */ = {isa = PBXFileReference; lastKnownFileType = sourcecode.swift; path = PriceOverviewDetails.swift; sourceTree = "<group>"; };
		136E3A002933670F00595EE6 /* GeneralOverviewDetails.swift */ = {isa = PBXFileReference; lastKnownFileType = sourcecode.swift; path = GeneralOverviewDetails.swift; sourceTree = "<group>"; };
		136E3A022933677C00595EE6 /* TimeRangePicker.swift */ = {isa = PBXFileReference; lastKnownFileType = sourcecode.swift; path = TimeRangePicker.swift; sourceTree = "<group>"; };
		136E3A042933682600595EE6 /* Date+Extension.swift */ = {isa = PBXFileReference; lastKnownFileType = sourcecode.swift; path = "Date+Extension.swift"; sourceTree = "<group>"; };
		136E3A06293371C800595EE6 /* PopularityOverviewDetails.swift */ = {isa = PBXFileReference; lastKnownFileType = sourcecode.swift; path = PopularityOverviewDetails.swift; sourceTree = "<group>"; };
		1373D6A629242452009A8930 /* FilteredListView.swift */ = {isa = PBXFileReference; lastKnownFileType = sourcecode.swift; path = FilteredListView.swift; sourceTree = "<group>"; };
		1373D6A82924BEB3009A8930 /* FilteredListViewModel.swift */ = {isa = PBXFileReference; lastKnownFileType = sourcecode.swift; path = FilteredListViewModel.swift; sourceTree = "<group>"; };
		1373D6AB2924C059009A8930 /* SortMenuView.swift */ = {isa = PBXFileReference; lastKnownFileType = sourcecode.swift; path = SortMenuView.swift; sourceTree = "<group>"; };
		13816AB229338368007AE2FB /* ReceiptDetails.swift */ = {isa = PBXFileReference; lastKnownFileType = sourcecode.swift; path = ReceiptDetails.swift; sourceTree = "<group>"; };
		13816AB82933903E007AE2FB /* SimulatorDefaulView.swift */ = {isa = PBXFileReference; lastKnownFileType = sourcecode.swift; path = SimulatorDefaulView.swift; sourceTree = "<group>"; };
		13816ABB2933D2FF007AE2FB /* ClothesListViewModel.swift */ = {isa = PBXFileReference; lastKnownFileType = sourcecode.swift; path = ClothesListViewModel.swift; sourceTree = "<group>"; };
		13816ABD2933D315007AE2FB /* ClothesListView.swift */ = {isa = PBXFileReference; lastKnownFileType = sourcecode.swift; path = ClothesListView.swift; sourceTree = "<group>"; };
		13872FE9290ACA7E0049D1D2 /* Armadio.app */ = {isa = PBXFileReference; explicitFileType = wrapper.application; includeInIndex = 0; path = Armadio.app; sourceTree = BUILT_PRODUCTS_DIR; };
		13872FEC290ACA7E0049D1D2 /* ArmadioApp.swift */ = {isa = PBXFileReference; lastKnownFileType = sourcecode.swift; path = ArmadioApp.swift; sourceTree = "<group>"; };
		13872FEE290ACA7E0049D1D2 /* ContentView.swift */ = {isa = PBXFileReference; lastKnownFileType = sourcecode.swift; path = ContentView.swift; sourceTree = "<group>"; };
		13872FF0290ACA800049D1D2 /* Assets.xcassets */ = {isa = PBXFileReference; lastKnownFileType = folder.assetcatalog; path = Assets.xcassets; sourceTree = "<group>"; };
		13872FF3290ACA800049D1D2 /* Preview Assets.xcassets */ = {isa = PBXFileReference; lastKnownFileType = folder.assetcatalog; path = "Preview Assets.xcassets"; sourceTree = "<group>"; };
		13872FFE290ACAFD0049D1D2 /* ArmadioUnitTests.xctest */ = {isa = PBXFileReference; explicitFileType = wrapper.cfbundle; includeInIndex = 0; path = ArmadioUnitTests.xctest; sourceTree = BUILT_PRODUCTS_DIR; };
		1387300C290ADA8A0049D1D2 /* PrimaryButton.swift */ = {isa = PBXFileReference; lastKnownFileType = sourcecode.swift; path = PrimaryButton.swift; sourceTree = "<group>"; };
		1387300E290ADAA20049D1D2 /* NavigationButton.swift */ = {isa = PBXFileReference; lastKnownFileType = sourcecode.swift; path = NavigationButton.swift; sourceTree = "<group>"; };
		13873011290ADAC70049D1D2 /* Inspection.swift */ = {isa = PBXFileReference; lastKnownFileType = sourcecode.swift; path = Inspection.swift; sourceTree = "<group>"; };
		13873014290ADAE30049D1D2 /* ButtonStyles.swift */ = {isa = PBXFileReference; lastKnownFileType = sourcecode.swift; path = ButtonStyles.swift; sourceTree = "<group>"; };
		13873016290ADAF60049D1D2 /* TextStyles.swift */ = {isa = PBXFileReference; lastKnownFileType = sourcecode.swift; path = TextStyles.swift; sourceTree = "<group>"; };
		1387301D290ADB7B0049D1D2 /* LoginView.swift */ = {isa = PBXFileReference; lastKnownFileType = sourcecode.swift; path = LoginView.swift; sourceTree = "<group>"; };
		1387301F290ADB910049D1D2 /* GetStartedView.swift */ = {isa = PBXFileReference; lastKnownFileType = sourcecode.swift; path = GetStartedView.swift; sourceTree = "<group>"; };
		13873021290ADBA60049D1D2 /* GetStartedViewModel.swift */ = {isa = PBXFileReference; lastKnownFileType = sourcecode.swift; path = GetStartedViewModel.swift; sourceTree = "<group>"; };
		13873023290ADBD60049D1D2 /* LoginOptionsView.swift */ = {isa = PBXFileReference; lastKnownFileType = sourcecode.swift; path = LoginOptionsView.swift; sourceTree = "<group>"; };
		13873025290ADBFE0049D1D2 /* SelectYourCountryView.swift */ = {isa = PBXFileReference; lastKnownFileType = sourcecode.swift; path = SelectYourCountryView.swift; sourceTree = "<group>"; };
		13873027290ADC140049D1D2 /* CountryListView.swift */ = {isa = PBXFileReference; lastKnownFileType = sourcecode.swift; path = CountryListView.swift; sourceTree = "<group>"; };
		1387302A290ADC490049D1D2 /* Inspection+Extension.swift */ = {isa = PBXFileReference; lastKnownFileType = sourcecode.swift; path = "Inspection+Extension.swift"; sourceTree = "<group>"; };
		1387302F290ADC7E0049D1D2 /* LoginOptionsViewTests.swift */ = {isa = PBXFileReference; lastKnownFileType = sourcecode.swift; path = LoginOptionsViewTests.swift; sourceTree = "<group>"; };
		13873032290ADC9A0049D1D2 /* GetStartedTests.swift */ = {isa = PBXFileReference; lastKnownFileType = sourcecode.swift; path = GetStartedTests.swift; sourceTree = "<group>"; };
		13873034290ADCB70049D1D2 /* PreviewTests.swift */ = {isa = PBXFileReference; lastKnownFileType = sourcecode.swift; path = PreviewTests.swift; sourceTree = "<group>"; };
		13873036290AEA250049D1D2 /* CheckboxView.swift */ = {isa = PBXFileReference; lastKnownFileType = sourcecode.swift; path = CheckboxView.swift; sourceTree = "<group>"; };
		13873039290AF6170049D1D2 /* CountryFlagProvider.swift */ = {isa = PBXFileReference; lastKnownFileType = sourcecode.swift; path = CountryFlagProvider.swift; sourceTree = "<group>"; };
		1387303D290AF7E60049D1D2 /* SelectYourCountryViewModel.swift */ = {isa = PBXFileReference; lastKnownFileType = sourcecode.swift; path = SelectYourCountryViewModel.swift; sourceTree = "<group>"; };
		1387303F290AF9430049D1D2 /* CountryListViewModel.swift */ = {isa = PBXFileReference; lastKnownFileType = sourcecode.swift; path = CountryListViewModel.swift; sourceTree = "<group>"; };
		13873042290BE5B10049D1D2 /* Color.swift */ = {isa = PBXFileReference; lastKnownFileType = sourcecode.swift; path = Color.swift; sourceTree = "<group>"; };
		13873044290BFE390049D1D2 /* Localized.swift */ = {isa = PBXFileReference; lastKnownFileType = sourcecode.swift; path = Localized.swift; sourceTree = "<group>"; };
		13873046290BFE6B0049D1D2 /* Localizable.strings */ = {isa = PBXFileReference; lastKnownFileType = text.plist.strings; path = Localizable.strings; sourceTree = "<group>"; };
		13873048290C225A0049D1D2 /* LoginOptionsViewModel.swift */ = {isa = PBXFileReference; lastKnownFileType = sourcecode.swift; path = LoginOptionsViewModel.swift; sourceTree = "<group>"; };
		1392AC6C2923E508003E1934 /* NowViewModel.swift */ = {isa = PBXFileReference; lastKnownFileType = sourcecode.swift; path = NowViewModel.swift; sourceTree = "<group>"; };
		1392AC6F2923E687003E1934 /* SelectYourClotheView.swift */ = {isa = PBXFileReference; lastKnownFileType = sourcecode.swift; path = SelectYourClotheView.swift; sourceTree = "<group>"; };
		1392AC712923E691003E1934 /* SelectYourClotheViewModel.swift */ = {isa = PBXFileReference; lastKnownFileType = sourcecode.swift; path = SelectYourClotheViewModel.swift; sourceTree = "<group>"; };
		1392AC7529240436003E1934 /* EntitiesTests.swift */ = {isa = PBXFileReference; lastKnownFileType = sourcecode.swift; path = EntitiesTests.swift; sourceTree = "<group>"; };
		13A3A91F290D0A9900A49D99 /* Shake.swift */ = {isa = PBXFileReference; lastKnownFileType = sourcecode.swift; path = Shake.swift; sourceTree = "<group>"; };
		13A3A923290D10B800A49D99 /* RequiredView.swift */ = {isa = PBXFileReference; lastKnownFileType = sourcecode.swift; path = RequiredView.swift; sourceTree = "<group>"; };
		13A3A926290D2B1C00A49D99 /* HomeView.swift */ = {isa = PBXFileReference; lastKnownFileType = sourcecode.swift; path = HomeView.swift; sourceTree = "<group>"; };
		13A4C20129219B7500056034 /* ScannerView.swift */ = {isa = PBXFileReference; lastKnownFileType = sourcecode.swift; path = ScannerView.swift; sourceTree = "<group>"; };
		13A4C20429219CDD00056034 /* ScannerDetailsView.swift */ = {isa = PBXFileReference; lastKnownFileType = sourcecode.swift; path = ScannerDetailsView.swift; sourceTree = "<group>"; };
		13A4C2062922299A00056034 /* ClotheDataProvider.swift */ = {isa = PBXFileReference; lastKnownFileType = sourcecode.swift; path = ClotheDataProvider.swift; sourceTree = "<group>"; };
		13A4C2092922303800056034 /* PhotosPickerView.swift */ = {isa = PBXFileReference; lastKnownFileType = sourcecode.swift; path = PhotosPickerView.swift; sourceTree = "<group>"; };
		13A4C20C29229B1F00056034 /* NowView.swift */ = {isa = PBXFileReference; lastKnownFileType = sourcecode.swift; path = NowView.swift; sourceTree = "<group>"; };
		13A73D34292E031900A7CFED /* StatsViewModel.swift */ = {isa = PBXFileReference; lastKnownFileType = sourcecode.swift; path = StatsViewModel.swift; sourceTree = "<group>"; };
		13A73D36292E033500A7CFED /* StatsView.swift */ = {isa = PBXFileReference; lastKnownFileType = sourcecode.swift; path = StatsView.swift; sourceTree = "<group>"; };
		13AA6FB42918393B006BBDAA /* NavigationPickerDetailsDate.swift */ = {isa = PBXFileReference; lastKnownFileType = sourcecode.swift; path = NavigationPickerDetailsDate.swift; sourceTree = "<group>"; };
		13AE6F0B2912A03800D8FABA /* AddNewClotheViewModel.swift */ = {isa = PBXFileReference; lastKnownFileType = sourcecode.swift; path = AddNewClotheViewModel.swift; sourceTree = "<group>"; };
		13B19A5C293783C3002E8AF1 /* ClothePropertyPicker.swift */ = {isa = PBXFileReference; lastKnownFileType = sourcecode.swift; path = ClothePropertyPicker.swift; sourceTree = "<group>"; };
		13B8E8F72914FAD300F3FDDC /* NavigationPickerDetailsDescription.swift */ = {isa = PBXFileReference; lastKnownFileType = sourcecode.swift; path = NavigationPickerDetailsDescription.swift; sourceTree = "<group>"; };
		13B8E8FD2915763600F3FDDC /* NavigationPickerDetailsPrice.swift */ = {isa = PBXFileReference; lastKnownFileType = sourcecode.swift; path = NavigationPickerDetailsPrice.swift; sourceTree = "<group>"; };
		13B8E8FF2915899000F3FDDC /* NavigationPickerDetailsCategory.swift */ = {isa = PBXFileReference; lastKnownFileType = sourcecode.swift; path = NavigationPickerDetailsCategory.swift; sourceTree = "<group>"; };
		13B8E908291670E300F3FDDC /* NavigationPickerDetailsDefault.swift */ = {isa = PBXFileReference; lastKnownFileType = sourcecode.swift; path = NavigationPickerDetailsDefault.swift; sourceTree = "<group>"; };
		13EFA818292D0DED00F89CE6 /* Alignment.swift */ = {isa = PBXFileReference; lastKnownFileType = sourcecode.swift; path = Alignment.swift; sourceTree = "<group>"; };
		13EFA81A292D11EE00F89CE6 /* CustomSheetView.swift */ = {isa = PBXFileReference; lastKnownFileType = sourcecode.swift; path = CustomSheetView.swift; sourceTree = "<group>"; };
		13EFA81C292D13E600F89CE6 /* CustomOverlayedButton.swift */ = {isa = PBXFileReference; lastKnownFileType = sourcecode.swift; path = CustomOverlayedButton.swift; sourceTree = "<group>"; };
		13EFA828292D321400F89CE6 /* Stats+CoreDataClass.swift */ = {isa = PBXFileReference; lastKnownFileType = sourcecode.swift; path = "Stats+CoreDataClass.swift"; sourceTree = "<group>"; };
		13EFA829292D321400F89CE6 /* Stats+CoreDataProperties.swift */ = {isa = PBXFileReference; lastKnownFileType = sourcecode.swift; path = "Stats+CoreDataProperties.swift"; sourceTree = "<group>"; };
		13F8921C291E484F00A2E2F1 /* Price+CoreDataClass.swift */ = {isa = PBXFileReference; lastKnownFileType = sourcecode.swift; path = "Price+CoreDataClass.swift"; sourceTree = "<group>"; };
		13F8921D291E484F00A2E2F1 /* Price+CoreDataProperties.swift */ = {isa = PBXFileReference; lastKnownFileType = sourcecode.swift; path = "Price+CoreDataProperties.swift"; sourceTree = "<group>"; };
		13F89220291E49BB00A2E2F1 /* Clothe+CoreDataClass.swift */ = {isa = PBXFileReference; lastKnownFileType = sourcecode.swift; path = "Clothe+CoreDataClass.swift"; sourceTree = "<group>"; };
		13F89221291E49BB00A2E2F1 /* Clothe+CoreDataProperties.swift */ = {isa = PBXFileReference; lastKnownFileType = sourcecode.swift; path = "Clothe+CoreDataProperties.swift"; sourceTree = "<group>"; };
		13F89227291E5C6B00A2E2F1 /* Category+CoreDataClass.swift */ = {isa = PBXFileReference; lastKnownFileType = sourcecode.swift; path = "Category+CoreDataClass.swift"; sourceTree = "<group>"; };
		13F89228291E5C6B00A2E2F1 /* Category+CoreDataProperties.swift */ = {isa = PBXFileReference; lastKnownFileType = sourcecode.swift; path = "Category+CoreDataProperties.swift"; sourceTree = "<group>"; };
		13F89229291E5C6B00A2E2F1 /* Subcategory+CoreDataClass.swift */ = {isa = PBXFileReference; lastKnownFileType = sourcecode.swift; path = "Subcategory+CoreDataClass.swift"; sourceTree = "<group>"; };
		13F8922A291E5C6B00A2E2F1 /* Subcategory+CoreDataProperties.swift */ = {isa = PBXFileReference; lastKnownFileType = sourcecode.swift; path = "Subcategory+CoreDataProperties.swift"; sourceTree = "<group>"; };
		13F8922B291E5C6B00A2E2F1 /* Receipt+CoreDataClass.swift */ = {isa = PBXFileReference; lastKnownFileType = sourcecode.swift; path = "Receipt+CoreDataClass.swift"; sourceTree = "<group>"; };
		13F8922C291E5C6B00A2E2F1 /* Receipt+CoreDataProperties.swift */ = {isa = PBXFileReference; lastKnownFileType = sourcecode.swift; path = "Receipt+CoreDataProperties.swift"; sourceTree = "<group>"; };
		13F89233291E955400A2E2F1 /* Info.plist */ = {isa = PBXFileReference; lastKnownFileType = text.plist; path = Info.plist; sourceTree = "<group>"; };
		2AA4849B290E77DE00EC4814 /* Injection.swift */ = {isa = PBXFileReference; lastKnownFileType = sourcecode.swift; path = Injection.swift; sourceTree = "<group>"; };
		2AE863D1290FB57B00EA1B4B /* SelectYourCountryViewModelTests.swift */ = {isa = PBXFileReference; lastKnownFileType = sourcecode.swift; path = SelectYourCountryViewModelTests.swift; sourceTree = "<group>"; };
		2AE863D4290FB9A800EA1B4B /* CountryListViewModelTests.swift */ = {isa = PBXFileReference; lastKnownFileType = sourcecode.swift; path = CountryListViewModelTests.swift; sourceTree = "<group>"; };
/* End PBXFileReference section */

/* Begin PBXFrameworksBuildPhase section */
		13872FE6290ACA7E0049D1D2 /* Frameworks */ = {
			isa = PBXFrameworksBuildPhase;
			buildActionMask = 2147483647;
			files = (
				131AA9272919726100C876C2 /* FirebaseCrashlytics in Frameworks */,
				131AA9252919726100C876C2 /* FirebaseAnalytics in Frameworks */,
				2AA4849A290E70E900EC4814 /* Factory in Frameworks */,
			);
			runOnlyForDeploymentPostprocessing = 0;
		};
		13872FFB290ACAFD0049D1D2 /* Frameworks */ = {
			isa = PBXFrameworksBuildPhase;
			buildActionMask = 2147483647;
			files = (
				13873009290ACB1A0049D1D2 /* ViewInspector in Frameworks */,
				131AA92C291A847F00C876C2 /* FirebaseAuth in Frameworks */,
			);
			runOnlyForDeploymentPostprocessing = 0;
		};
/* End PBXFrameworksBuildPhase section */

/* Begin PBXGroup section */
		131AA928291A847900C876C2 /* Frameworks */ = {
			isa = PBXGroup;
			children = (
			);
			name = Frameworks;
			sourceTree = "<group>";
		};
		131AA930291AA47800C876C2 /* CoreData */ = {
			isa = PBXGroup;
			children = (
				133BA3E2291B8D4300C51154 /* Entities */,
				131AA931291AA4EB00C876C2 /* CoreDataStack.swift */,
				131AA933291AA87500C876C2 /* Armadio.xcdatamodeld */,
			);
			path = CoreData;
			sourceTree = "<group>";
		};
		133BA3E2291B8D4300C51154 /* Entities */ = {
			isa = PBXGroup;
			children = (
				13EFA827292D320300F89CE6 /* Stats */,
				13F89226291E5C4300A2E2F1 /* Receipt */,
				13F89225291E5C3600A2E2F1 /* Subcategory */,
				13F89224291E5C3100A2E2F1 /* Category */,
				13F89213291E45CC00A2E2F1 /* Price */,
				13F89206291E27CA00A2E2F1 /* Clothe */,
			);
			path = Entities;
			sourceTree = "<group>";
		};
		1358839929102136009C8531 /* Wardrobe */ = {
			isa = PBXGroup;
			children = (
				13816AB129338352007AE2FB /* ReceiptDetails */,
				135883A92910405E009C8531 /* ClotheDetails */,
				135883A229103D58009C8531 /* ClotheRow */,
				1358839A29102136009C8531 /* WardrobeView.swift */,
				1358839E291025D3009C8531 /* WardrobeViewModel.swift */,
			);
			path = Wardrobe;
			sourceTree = "<group>";
		};
		135883A229103D58009C8531 /* ClotheRow */ = {
			isa = PBXGroup;
			children = (
				135883A329103D72009C8531 /* ClotheRow.swift */,
				135883A529103EDD009C8531 /* ClotheItem.swift */,
			);
			path = ClotheRow;
			sourceTree = "<group>";
		};
		135883A92910405E009C8531 /* ClotheDetails */ = {
			isa = PBXGroup;
			children = (
				135883A72910402A009C8531 /* ClotheDetails.swift */,
			);
			path = ClotheDetails;
			sourceTree = "<group>";
		};
		135883B02911088F009C8531 /* FloatingButton */ = {
			isa = PBXGroup;
			children = (
				135883AE2910FFAA009C8531 /* FloatingButton.swift */,
				135883B1291108AF009C8531 /* ButtonMenuItem.swift */,
			);
			path = FloatingButton;
			sourceTree = "<group>";
		};
		135883B329111122009C8531 /* AddNewClothe */ = {
			isa = PBXGroup;
			children = (
				135883B429111133009C8531 /* AddNewClotheView.swift */,
				13AE6F0B2912A03800D8FABA /* AddNewClotheViewModel.swift */,
			);
			path = AddNewClothe;
			sourceTree = "<group>";
		};
		135F5467292EA611000E6A93 /* Charts */ = {
			isa = PBXGroup;
			children = (
				136E39FB2932467700595EE6 /* Popularity */,
				135F546B292EB56C000E6A93 /* Price */,
				135F5468292EA668000E6A93 /* General */,
			);
			path = Charts;
			sourceTree = "<group>";
		};
		135F5468292EA668000E6A93 /* General */ = {
			isa = PBXGroup;
			children = (
				135F5469292EA684000E6A93 /* GeneralOverview.swift */,
				136E3A002933670F00595EE6 /* GeneralOverviewDetails.swift */,
			);
			path = General;
			sourceTree = "<group>";
		};
		135F546B292EB56C000E6A93 /* Price */ = {
			isa = PBXGroup;
			children = (
				135F546C292EB5C3000E6A93 /* PriceOverview.swift */,
				136E39FE29326C5200595EE6 /* PriceOverviewDetails.swift */,
			);
			path = Price;
			sourceTree = "<group>";
		};
		136E39FB2932467700595EE6 /* Popularity */ = {
			isa = PBXGroup;
			children = (
				136E39FC293246FE00595EE6 /* PopularityOverview.swift */,
				136E3A06293371C800595EE6 /* PopularityOverviewDetails.swift */,
			);
			path = Popularity;
			sourceTree = "<group>";
		};
		1373D6A52924243B009A8930 /* FilteredList */ = {
			isa = PBXGroup;
			children = (
				1373D6A629242452009A8930 /* FilteredListView.swift */,
				1373D6A82924BEB3009A8930 /* FilteredListViewModel.swift */,
			);
			path = FilteredList;
			sourceTree = "<group>";
		};
		1373D6AA2924C04C009A8930 /* SortMenu */ = {
			isa = PBXGroup;
			children = (
				1373D6AB2924C059009A8930 /* SortMenuView.swift */,
			);
			path = SortMenu;
			sourceTree = "<group>";
		};
		13816AB129338352007AE2FB /* ReceiptDetails */ = {
			isa = PBXGroup;
			children = (
				13816AB229338368007AE2FB /* ReceiptDetails.swift */,
			);
			path = ReceiptDetails;
			sourceTree = "<group>";
		};
		13816ABA2933D27D007AE2FB /* ClothesList */ = {
			isa = PBXGroup;
			children = (
				13816ABB2933D2FF007AE2FB /* ClothesListViewModel.swift */,
				13816ABD2933D315007AE2FB /* ClothesListView.swift */,
			);
			path = ClothesList;
			sourceTree = "<group>";
		};
		13872FE0290ACA7E0049D1D2 = {
			isa = PBXGroup;
			children = (
				13872FEB290ACA7E0049D1D2 /* Armadio */,
				13872FFF290ACAFD0049D1D2 /* ArmadioUnitTests */,
				13872FEA290ACA7E0049D1D2 /* Products */,
				131AA928291A847900C876C2 /* Frameworks */,
			);
			sourceTree = "<group>";
		};
		13872FEA290ACA7E0049D1D2 /* Products */ = {
			isa = PBXGroup;
			children = (
				13872FE9290ACA7E0049D1D2 /* Armadio.app */,
				13872FFE290ACAFD0049D1D2 /* ArmadioUnitTests.xctest */,
			);
			name = Products;
			sourceTree = "<group>";
		};
		13872FEB290ACA7E0049D1D2 /* Armadio */ = {
			isa = PBXGroup;
			children = (
				13F89233291E955400A2E2F1 /* Info.plist */,
				131AA930291AA47800C876C2 /* CoreData */,
				13872FF2290ACA800049D1D2 /* Preview Content */,
				1392AC73292403E3003E1934 /* Models */,
				13873041290BE52A0049D1D2 /* Assets */,
				13873038290AF5EC0049D1D2 /* Services */,
				13873018290ADB0F0049D1D2 /* Modules */,
				1387300A290ADA740049D1D2 /* Common */,
				13872FEC290ACA7E0049D1D2 /* ArmadioApp.swift */,
				13872FEE290ACA7E0049D1D2 /* ContentView.swift */,
				2AA4849B290E77DE00EC4814 /* Injection.swift */,
			);
			path = Armadio;
			sourceTree = "<group>";
		};
		13872FF2290ACA800049D1D2 /* Preview Content */ = {
			isa = PBXGroup;
			children = (
				13872FF3290ACA800049D1D2 /* Preview Assets.xcassets */,
			);
			path = "Preview Content";
			sourceTree = "<group>";
		};
		13872FFF290ACAFD0049D1D2 /* ArmadioUnitTests */ = {
			isa = PBXGroup;
			children = (
				1392AC742924041B003E1934 /* CoreData */,
				1387302C290ADC610049D1D2 /* Modules */,
				13873029290ADC3A0049D1D2 /* Helpers */,
			);
			path = ArmadioUnitTests;
			sourceTree = "<group>";
		};
		1387300A290ADA740049D1D2 /* Common */ = {
			isa = PBXGroup;
			children = (
				13A3A91E290D0A8600A49D99 /* Animations */,
				13873013290ADAD70049D1D2 /* Styles */,
				13873010290ADABB0049D1D2 /* Helpers */,
				1387300B290ADA7D0049D1D2 /* Components */,
			);
			path = Common;
			sourceTree = "<group>";
		};
		1387300B290ADA7D0049D1D2 /* Components */ = {
			isa = PBXGroup;
			children = (
				1373D6AA2924C04C009A8930 /* SortMenu */,
				13B8E8F92915327500F3FDDC /* Buttons */,
				13B8E8F62914FAB900F3FDDC /* NavigationPicker */,
				13873036290AEA250049D1D2 /* CheckboxView.swift */,
				13A3A923290D10B800A49D99 /* RequiredView.swift */,
				135883AA291043F6009C8531 /* CircleImage.swift */,
				1318ADA22926D00200A17550 /* ClotheListRow.swift */,
				134747E4292C0D0F00856593 /* NowToolbar.swift */,
				13EFA81A292D11EE00F89CE6 /* CustomSheetView.swift */,
				13EFA81C292D13E600F89CE6 /* CustomOverlayedButton.swift */,
				136E3A022933677C00595EE6 /* TimeRangePicker.swift */,
				13816AB82933903E007AE2FB /* SimulatorDefaulView.swift */,
				13B19A5C293783C3002E8AF1 /* ClothePropertyPicker.swift */,
			);
			path = Components;
			sourceTree = "<group>";
		};
		13873010290ADABB0049D1D2 /* Helpers */ = {
			isa = PBXGroup;
			children = (
				1318ADA4292BD32F00A17550 /* Optional+Extension.swift */,
				13873011290ADAC70049D1D2 /* Inspection.swift */,
				13873044290BFE390049D1D2 /* Localized.swift */,
				135883A029102744009C8531 /* Color+Codable.swift */,
				13EFA818292D0DED00F89CE6 /* Alignment.swift */,
				136E3A042933682600595EE6 /* Date+Extension.swift */,
			);
			path = Helpers;
			sourceTree = "<group>";
		};
		13873013290ADAD70049D1D2 /* Styles */ = {
			isa = PBXGroup;
			children = (
				13873014290ADAE30049D1D2 /* ButtonStyles.swift */,
				13873016290ADAF60049D1D2 /* TextStyles.swift */,
			);
			path = Styles;
			sourceTree = "<group>";
		};
		13873018290ADB0F0049D1D2 /* Modules */ = {
			isa = PBXGroup;
			children = (
				13816ABA2933D27D007AE2FB /* ClothesList */,
				13A73D33292E030000A7CFED /* Stats */,
				1373D6A52924243B009A8930 /* FilteredList */,
				1392AC6E2923E653003E1934 /* SelectYourClothe */,
				13A4C20B29229B0800056034 /* Now */,
				13A4C2082922301F00056034 /* PhotosPickerView */,
				13A4C20329219C9F00056034 /* ReceiptScanner */,
				135883B329111122009C8531 /* AddNewClothe */,
				1358839929102136009C8531 /* Wardrobe */,
				13A3A925290D2AD500A49D99 /* Home */,
				1387301C290ADB310049D1D2 /* Login */,
				1387301B290ADB290049D1D2 /* GetStarted */,
				1387301A290ADB220049D1D2 /* LoginOptions */,
				1387303C290AF7C90049D1D2 /* CountryListView */,
				13873019290ADB1B0049D1D2 /* SelectYourCountry */,
			);
			path = Modules;
			sourceTree = "<group>";
		};
		13873019290ADB1B0049D1D2 /* SelectYourCountry */ = {
			isa = PBXGroup;
			children = (
				13873025290ADBFE0049D1D2 /* SelectYourCountryView.swift */,
				1387303D290AF7E60049D1D2 /* SelectYourCountryViewModel.swift */,
			);
			path = SelectYourCountry;
			sourceTree = "<group>";
		};
		1387301A290ADB220049D1D2 /* LoginOptions */ = {
			isa = PBXGroup;
			children = (
				13873023290ADBD60049D1D2 /* LoginOptionsView.swift */,
				13873048290C225A0049D1D2 /* LoginOptionsViewModel.swift */,
			);
			path = LoginOptions;
			sourceTree = "<group>";
		};
		1387301B290ADB290049D1D2 /* GetStarted */ = {
			isa = PBXGroup;
			children = (
				1387301F290ADB910049D1D2 /* GetStartedView.swift */,
				13873021290ADBA60049D1D2 /* GetStartedViewModel.swift */,
			);
			path = GetStarted;
			sourceTree = "<group>";
		};
		1387301C290ADB310049D1D2 /* Login */ = {
			isa = PBXGroup;
			children = (
				1387301D290ADB7B0049D1D2 /* LoginView.swift */,
			);
			path = Login;
			sourceTree = "<group>";
		};
		13873029290ADC3A0049D1D2 /* Helpers */ = {
			isa = PBXGroup;
			children = (
				1387302A290ADC490049D1D2 /* Inspection+Extension.swift */,
			);
			path = Helpers;
			sourceTree = "<group>";
		};
		1387302C290ADC610049D1D2 /* Modules */ = {
			isa = PBXGroup;
			children = (
				2AE863D3290FB98B00EA1B4B /* CountryList */,
				2AE863D0290FB56A00EA1B4B /* SelectYourCountry */,
				13873031290ADC8E0049D1D2 /* GetStarted */,
				1387302D290ADC680049D1D2 /* LoginOptions */,
				13873034290ADCB70049D1D2 /* PreviewTests.swift */,
			);
			path = Modules;
			sourceTree = "<group>";
		};
		1387302D290ADC680049D1D2 /* LoginOptions */ = {
			isa = PBXGroup;
			children = (
				1387302F290ADC7E0049D1D2 /* LoginOptionsViewTests.swift */,
			);
			path = LoginOptions;
			sourceTree = "<group>";
		};
		13873031290ADC8E0049D1D2 /* GetStarted */ = {
			isa = PBXGroup;
			children = (
				13873032290ADC9A0049D1D2 /* GetStartedTests.swift */,
			);
			path = GetStarted;
			sourceTree = "<group>";
		};
		13873038290AF5EC0049D1D2 /* Services */ = {
			isa = PBXGroup;
			children = (
				13873039290AF6170049D1D2 /* CountryFlagProvider.swift */,
				131AA92D291A87B200C876C2 /* FirebaseAnaliticsProvider.swift */,
				13A4C2062922299A00056034 /* ClotheDataProvider.swift */,
			);
			path = Services;
			sourceTree = "<group>";
		};
		1387303C290AF7C90049D1D2 /* CountryListView */ = {
			isa = PBXGroup;
			children = (
				13873027290ADC140049D1D2 /* CountryListView.swift */,
				1387303F290AF9430049D1D2 /* CountryListViewModel.swift */,
			);
			path = CountryListView;
			sourceTree = "<group>";
		};
		13873041290BE52A0049D1D2 /* Assets */ = {
			isa = PBXGroup;
			children = (
				131AA9212919717C00C876C2 /* GoogleService-Info.plist */,
				13872FF0290ACA800049D1D2 /* Assets.xcassets */,
				13873042290BE5B10049D1D2 /* Color.swift */,
				13873046290BFE6B0049D1D2 /* Localizable.strings */,
			);
			path = Assets;
			sourceTree = "<group>";
		};
		1392AC6E2923E653003E1934 /* SelectYourClothe */ = {
			isa = PBXGroup;
			children = (
				1392AC6F2923E687003E1934 /* SelectYourClotheView.swift */,
				1392AC712923E691003E1934 /* SelectYourClotheViewModel.swift */,
			);
			path = SelectYourClothe;
			sourceTree = "<group>";
		};
		1392AC73292403E3003E1934 /* Models */ = {
			isa = PBXGroup;
			children = (
				1358839729102116009C8531 /* LocalModels.swift */,
			);
			path = Models;
			sourceTree = "<group>";
		};
		1392AC742924041B003E1934 /* CoreData */ = {
			isa = PBXGroup;
			children = (
				1392AC7529240436003E1934 /* EntitiesTests.swift */,
			);
			path = CoreData;
			sourceTree = "<group>";
		};
		13A3A91E290D0A8600A49D99 /* Animations */ = {
			isa = PBXGroup;
			children = (
				13A3A91F290D0A9900A49D99 /* Shake.swift */,
			);
			path = Animations;
			sourceTree = "<group>";
		};
		13A3A925290D2AD500A49D99 /* Home */ = {
			isa = PBXGroup;
			children = (
				13A3A926290D2B1C00A49D99 /* HomeView.swift */,
			);
			path = Home;
			sourceTree = "<group>";
		};
		13A4C20329219C9F00056034 /* ReceiptScanner */ = {
			isa = PBXGroup;
			children = (
				13A4C20129219B7500056034 /* ScannerView.swift */,
				13A4C20429219CDD00056034 /* ScannerDetailsView.swift */,
			);
			path = ReceiptScanner;
			sourceTree = "<group>";
		};
		13A4C2082922301F00056034 /* PhotosPickerView */ = {
			isa = PBXGroup;
			children = (
				13A4C2092922303800056034 /* PhotosPickerView.swift */,
			);
			path = PhotosPickerView;
			sourceTree = "<group>";
		};
		13A4C20B29229B0800056034 /* Now */ = {
			isa = PBXGroup;
			children = (
				13A4C20C29229B1F00056034 /* NowView.swift */,
				1392AC6C2923E508003E1934 /* NowViewModel.swift */,
			);
			path = Now;
			sourceTree = "<group>";
		};
		13A73D33292E030000A7CFED /* Stats */ = {
			isa = PBXGroup;
			children = (
				135F5467292EA611000E6A93 /* Charts */,
				13A73D36292E033500A7CFED /* StatsView.swift */,
				13A73D34292E031900A7CFED /* StatsViewModel.swift */,
			);
			path = Stats;
			sourceTree = "<group>";
		};
		13B8E8F62914FAB900F3FDDC /* NavigationPicker */ = {
			isa = PBXGroup;
			children = (
				13B8E8FA29156F3800F3FDDC /* Details */,
				13163D8C29193D42008D18F3 /* NavigationPickerLabel.swift */,
			);
			path = NavigationPicker;
			sourceTree = "<group>";
		};
		13B8E8F92915327500F3FDDC /* Buttons */ = {
			isa = PBXGroup;
			children = (
				135883B02911088F009C8531 /* FloatingButton */,
				135883AC29104599009C8531 /* FavoriteButton.swift */,
				1387300E290ADAA20049D1D2 /* NavigationButton.swift */,
				1387300C290ADA8A0049D1D2 /* PrimaryButton.swift */,
			);
			path = Buttons;
			sourceTree = "<group>";
		};
		13B8E8FA29156F3800F3FDDC /* Details */ = {
			isa = PBXGroup;
			children = (
				135883B629112FAF009C8531 /* ColorPickerDetails.swift */,
				13B8E8F72914FAD300F3FDDC /* NavigationPickerDetailsDescription.swift */,
				13B8E8FD2915763600F3FDDC /* NavigationPickerDetailsPrice.swift */,
				13B8E8FF2915899000F3FDDC /* NavigationPickerDetailsCategory.swift */,
				13B8E908291670E300F3FDDC /* NavigationPickerDetailsDefault.swift */,
				13AA6FB42918393B006BBDAA /* NavigationPickerDetailsDate.swift */,
			);
			path = Details;
			sourceTree = "<group>";
		};
		13EFA827292D320300F89CE6 /* Stats */ = {
			isa = PBXGroup;
			children = (
				13EFA828292D321400F89CE6 /* Stats+CoreDataClass.swift */,
				13EFA829292D321400F89CE6 /* Stats+CoreDataProperties.swift */,
			);
			path = Stats;
			sourceTree = "<group>";
		};
		13F89206291E27CA00A2E2F1 /* Clothe */ = {
			isa = PBXGroup;
			children = (
				13F89220291E49BB00A2E2F1 /* Clothe+CoreDataClass.swift */,
				13F89221291E49BB00A2E2F1 /* Clothe+CoreDataProperties.swift */,
			);
			path = Clothe;
			sourceTree = "<group>";
		};
		13F89213291E45CC00A2E2F1 /* Price */ = {
			isa = PBXGroup;
			children = (
				13F8921C291E484F00A2E2F1 /* Price+CoreDataClass.swift */,
				13F8921D291E484F00A2E2F1 /* Price+CoreDataProperties.swift */,
			);
			path = Price;
			sourceTree = "<group>";
		};
		13F89224291E5C3100A2E2F1 /* Category */ = {
			isa = PBXGroup;
			children = (
				13F89227291E5C6B00A2E2F1 /* Category+CoreDataClass.swift */,
				13F89228291E5C6B00A2E2F1 /* Category+CoreDataProperties.swift */,
			);
			path = Category;
			sourceTree = "<group>";
		};
		13F89225291E5C3600A2E2F1 /* Subcategory */ = {
			isa = PBXGroup;
			children = (
				13F89229291E5C6B00A2E2F1 /* Subcategory+CoreDataClass.swift */,
				13F8922A291E5C6B00A2E2F1 /* Subcategory+CoreDataProperties.swift */,
			);
			path = Subcategory;
			sourceTree = "<group>";
		};
		13F89226291E5C4300A2E2F1 /* Receipt */ = {
			isa = PBXGroup;
			children = (
				13F8922B291E5C6B00A2E2F1 /* Receipt+CoreDataClass.swift */,
				13F8922C291E5C6B00A2E2F1 /* Receipt+CoreDataProperties.swift */,
			);
			path = Receipt;
			sourceTree = "<group>";
		};
		2AE863D0290FB56A00EA1B4B /* SelectYourCountry */ = {
			isa = PBXGroup;
			children = (
				2AE863D1290FB57B00EA1B4B /* SelectYourCountryViewModelTests.swift */,
			);
			path = SelectYourCountry;
			sourceTree = "<group>";
		};
		2AE863D3290FB98B00EA1B4B /* CountryList */ = {
			isa = PBXGroup;
			children = (
				2AE863D4290FB9A800EA1B4B /* CountryListViewModelTests.swift */,
			);
			path = CountryList;
			sourceTree = "<group>";
		};
/* End PBXGroup section */

/* Begin PBXNativeTarget section */
		13872FE8290ACA7E0049D1D2 /* Armadio */ = {
			isa = PBXNativeTarget;
			buildConfigurationList = 13872FF7290ACA800049D1D2 /* Build configuration list for PBXNativeTarget "Armadio" */;
			buildPhases = (
				13872FE5290ACA7E0049D1D2 /* Sources */,
				13872FE6290ACA7E0049D1D2 /* Frameworks */,
				13872FE7290ACA7E0049D1D2 /* Resources */,
			);
			buildRules = (
			);
			dependencies = (
			);
			name = Armadio;
			packageProductDependencies = (
				2AA48499290E70E900EC4814 /* Factory */,
				131AA9242919726100C876C2 /* FirebaseAnalytics */,
				131AA9262919726100C876C2 /* FirebaseCrashlytics */,
			);
			productName = Armadio;
			productReference = 13872FE9290ACA7E0049D1D2 /* Armadio.app */;
			productType = "com.apple.product-type.application";
		};
		13872FFD290ACAFD0049D1D2 /* ArmadioUnitTests */ = {
			isa = PBXNativeTarget;
			buildConfigurationList = 13873004290ACAFD0049D1D2 /* Build configuration list for PBXNativeTarget "ArmadioUnitTests" */;
			buildPhases = (
				13872FFA290ACAFD0049D1D2 /* Sources */,
				13872FFB290ACAFD0049D1D2 /* Frameworks */,
				13872FFC290ACAFD0049D1D2 /* Resources */,
			);
			buildRules = (
			);
			dependencies = (
				13873003290ACAFD0049D1D2 /* PBXTargetDependency */,
			);
			name = ArmadioUnitTests;
			packageProductDependencies = (
				13873008290ACB1A0049D1D2 /* ViewInspector */,
				131AA92B291A847F00C876C2 /* FirebaseAuth */,
			);
			productName = ArmadioUnitTests;
			productReference = 13872FFE290ACAFD0049D1D2 /* ArmadioUnitTests.xctest */;
			productType = "com.apple.product-type.bundle.unit-test";
		};
/* End PBXNativeTarget section */

/* Begin PBXProject section */
		13872FE1290ACA7E0049D1D2 /* Project object */ = {
			isa = PBXProject;
			attributes = {
				BuildIndependentTargetsInParallel = 1;
				LastSwiftUpdateCheck = 1400;
				LastUpgradeCheck = 1400;
				TargetAttributes = {
					13872FE8290ACA7E0049D1D2 = {
						CreatedOnToolsVersion = 14.0;
					};
					13872FFD290ACAFD0049D1D2 = {
						CreatedOnToolsVersion = 14.0;
						TestTargetID = 13872FE8290ACA7E0049D1D2;
					};
				};
			};
			buildConfigurationList = 13872FE4290ACA7E0049D1D2 /* Build configuration list for PBXProject "Armadio" */;
			compatibilityVersion = "Xcode 14.0";
			developmentRegion = en;
			hasScannedForEncodings = 0;
			knownRegions = (
				en,
				Base,
			);
			mainGroup = 13872FE0290ACA7E0049D1D2;
			packageReferences = (
				13873007290ACB1A0049D1D2 /* XCRemoteSwiftPackageReference "ViewInspector" */,
				2AA48498290E70E900EC4814 /* XCRemoteSwiftPackageReference "Factory" */,
				131AA9232919726100C876C2 /* XCRemoteSwiftPackageReference "firebase-ios-sdk" */,
			);
			productRefGroup = 13872FEA290ACA7E0049D1D2 /* Products */;
			projectDirPath = "";
			projectRoot = "";
			targets = (
				13872FE8290ACA7E0049D1D2 /* Armadio */,
				13872FFD290ACAFD0049D1D2 /* ArmadioUnitTests */,
			);
		};
/* End PBXProject section */

/* Begin PBXResourcesBuildPhase section */
		13872FE7290ACA7E0049D1D2 /* Resources */ = {
			isa = PBXResourcesBuildPhase;
			buildActionMask = 2147483647;
			files = (
				13872FF4290ACA800049D1D2 /* Preview Assets.xcassets in Resources */,
				131AA9222919717C00C876C2 /* GoogleService-Info.plist in Resources */,
				13873047290BFE6B0049D1D2 /* Localizable.strings in Resources */,
				13872FF1290ACA800049D1D2 /* Assets.xcassets in Resources */,
			);
			runOnlyForDeploymentPostprocessing = 0;
		};
		13872FFC290ACAFD0049D1D2 /* Resources */ = {
			isa = PBXResourcesBuildPhase;
			buildActionMask = 2147483647;
			files = (
			);
			runOnlyForDeploymentPostprocessing = 0;
		};
/* End PBXResourcesBuildPhase section */

/* Begin PBXSourcesBuildPhase section */
		13872FE5290ACA7E0049D1D2 /* Sources */ = {
			isa = PBXSourcesBuildPhase;
			buildActionMask = 2147483647;
			files = (
				13816AB92933903E007AE2FB /* SimulatorDefaulView.swift in Sources */,
				1387300D290ADA8A0049D1D2 /* PrimaryButton.swift in Sources */,
				13EFA819292D0DED00F89CE6 /* Alignment.swift in Sources */,
				13B8E8FE2915763600F3FDDC /* NavigationPickerDetailsPrice.swift in Sources */,
				136E39FD293246FE00595EE6 /* PopularityOverview.swift in Sources */,
				13163D8D29193D42008D18F3 /* NavigationPickerLabel.swift in Sources */,
				13B8E9002915899000F3FDDC /* NavigationPickerDetailsCategory.swift in Sources */,
				13872FEF290ACA7E0049D1D2 /* ContentView.swift in Sources */,
				134747E5292C0D0F00856593 /* NowToolbar.swift in Sources */,
				135883AF2910FFAA009C8531 /* FloatingButton.swift in Sources */,
				135883A129102744009C8531 /* Color+Codable.swift in Sources */,
				13816ABE2933D315007AE2FB /* ClothesListView.swift in Sources */,
				131AA92E291A87B200C876C2 /* FirebaseAnaliticsProvider.swift in Sources */,
				135883A429103D72009C8531 /* ClotheRow.swift in Sources */,
				1387300F290ADAA20049D1D2 /* NavigationButton.swift in Sources */,
				1318ADA32926D00200A17550 /* ClotheListRow.swift in Sources */,
				135883A629103EDD009C8531 /* ClotheItem.swift in Sources */,
				135F546A292EA684000E6A93 /* GeneralOverview.swift in Sources */,
				135883B2291108AF009C8531 /* ButtonMenuItem.swift in Sources */,
				13B8E8F82914FAD300F3FDDC /* NavigationPickerDetailsDescription.swift in Sources */,
				1373D6A92924BEB3009A8930 /* FilteredListViewModel.swift in Sources */,
				13873022290ADBA60049D1D2 /* GetStartedViewModel.swift in Sources */,
				135883B729112FAF009C8531 /* ColorPickerDetails.swift in Sources */,
				135883AB291043F6009C8531 /* CircleImage.swift in Sources */,
				1373D6AC2924C059009A8930 /* SortMenuView.swift in Sources */,
				1387303E290AF7E60049D1D2 /* SelectYourCountryViewModel.swift in Sources */,
				13873028290ADC140049D1D2 /* CountryListView.swift in Sources */,
				135F546D292EB5C3000E6A93 /* PriceOverview.swift in Sources */,
				13873017290ADAF60049D1D2 /* TextStyles.swift in Sources */,
				13B19A5D293783C3002E8AF1 /* ClothePropertyPicker.swift in Sources */,
				13EFA81D292D13E600F89CE6 /* CustomOverlayedButton.swift in Sources */,
				13AE6F0C2912A03800D8FABA /* AddNewClotheViewModel.swift in Sources */,
				1358839F291025D3009C8531 /* WardrobeViewModel.swift in Sources */,
				13EFA81B292D11EE00F89CE6 /* CustomSheetView.swift in Sources */,
				136E3A07293371C800595EE6 /* PopularityOverviewDetails.swift in Sources */,
				13A4C20529219CDD00056034 /* ScannerDetailsView.swift in Sources */,
				13F89231291E5C6B00A2E2F1 /* Receipt+CoreDataClass.swift in Sources */,
				135883AD29104599009C8531 /* FavoriteButton.swift in Sources */,
				13873020290ADB910049D1D2 /* GetStartedView.swift in Sources */,
				13A4C20229219B7500056034 /* ScannerView.swift in Sources */,
				13F8922D291E5C6B00A2E2F1 /* Category+CoreDataClass.swift in Sources */,
				13A4C2072922299A00056034 /* ClotheDataProvider.swift in Sources */,
				1358839B29102136009C8531 /* WardrobeView.swift in Sources */,
				13873015290ADAE30049D1D2 /* ButtonStyles.swift in Sources */,
				13873012290ADAC70049D1D2 /* Inspection.swift in Sources */,
				13873045290BFE390049D1D2 /* Localized.swift in Sources */,
				13A3A920290D0A9900A49D99 /* Shake.swift in Sources */,
				13816AB329338368007AE2FB /* ReceiptDetails.swift in Sources */,
				13873049290C225A0049D1D2 /* LoginOptionsViewModel.swift in Sources */,
				135883A82910402A009C8531 /* ClotheDetails.swift in Sources */,
				13A3A924290D10B800A49D99 /* RequiredView.swift in Sources */,
				13F89222291E49BB00A2E2F1 /* Clothe+CoreDataClass.swift in Sources */,
				1358839829102116009C8531 /* LocalModels.swift in Sources */,
				131AA932291AA4EB00C876C2 /* CoreDataStack.swift in Sources */,
				13873026290ADBFE0049D1D2 /* SelectYourCountryView.swift in Sources */,
				13F8922E291E5C6B00A2E2F1 /* Category+CoreDataProperties.swift in Sources */,
				135883B529111133009C8531 /* AddNewClotheView.swift in Sources */,
				13A73D35292E031900A7CFED /* StatsViewModel.swift in Sources */,
				1387301E290ADB7B0049D1D2 /* LoginView.swift in Sources */,
				13816ABC2933D2FF007AE2FB /* ClothesListViewModel.swift in Sources */,
				13AA6FB52918393B006BBDAA /* NavigationPickerDetailsDate.swift in Sources */,
				13B8E909291670E300F3FDDC /* NavigationPickerDetailsDefault.swift in Sources */,
				13F89230291E5C6B00A2E2F1 /* Subcategory+CoreDataProperties.swift in Sources */,
				13F89223291E49BB00A2E2F1 /* Clothe+CoreDataProperties.swift in Sources */,
				1373D6A729242453009A8930 /* FilteredListView.swift in Sources */,
				1387303A290AF6170049D1D2 /* CountryFlagProvider.swift in Sources */,
				136E3A052933682600595EE6 /* Date+Extension.swift in Sources */,
				13A4C20A2922303800056034 /* PhotosPickerView.swift in Sources */,
				13873037290AEA250049D1D2 /* CheckboxView.swift in Sources */,
				136E3A032933677C00595EE6 /* TimeRangePicker.swift in Sources */,
				131AA935291AA87500C876C2 /* Armadio.xcdatamodeld in Sources */,
				1392AC6D2923E508003E1934 /* NowViewModel.swift in Sources */,
				136E3A012933670F00595EE6 /* GeneralOverviewDetails.swift in Sources */,
				13873024290ADBD60049D1D2 /* LoginOptionsView.swift in Sources */,
				13A3A927290D2B1C00A49D99 /* HomeView.swift in Sources */,
				13F89232291E5C6B00A2E2F1 /* Receipt+CoreDataProperties.swift in Sources */,
				13F8921E291E484F00A2E2F1 /* Price+CoreDataClass.swift in Sources */,
				13F8921F291E484F00A2E2F1 /* Price+CoreDataProperties.swift in Sources */,
				13872FED290ACA7E0049D1D2 /* ArmadioApp.swift in Sources */,
				13A4C20D29229B1F00056034 /* NowView.swift in Sources */,
				136E39FF29326C5200595EE6 /* PriceOverviewDetails.swift in Sources */,
				2AA4849C290E77DE00EC4814 /* Injection.swift in Sources */,
				13873040290AF9430049D1D2 /* CountryListViewModel.swift in Sources */,
				13F8922F291E5C6B00A2E2F1 /* Subcategory+CoreDataClass.swift in Sources */,
				1392AC702923E687003E1934 /* SelectYourClotheView.swift in Sources */,
				1318ADA6292BD3BD00A17550 /* Optional+Extension.swift in Sources */,
				1392AC722923E691003E1934 /* SelectYourClotheViewModel.swift in Sources */,
				13A73D37292E033500A7CFED /* StatsView.swift in Sources */,
				13873043290BE5B10049D1D2 /* Color.swift in Sources */,
				13EFA82A292D321400F89CE6 /* Stats+CoreDataClass.swift in Sources */,
				13EFA82B292D321400F89CE6 /* Stats+CoreDataProperties.swift in Sources */,
			);
			runOnlyForDeploymentPostprocessing = 0;
		};
		13872FFA290ACAFD0049D1D2 /* Sources */ = {
			isa = PBXSourcesBuildPhase;
			buildActionMask = 2147483647;
			files = (
				13873033290ADC9A0049D1D2 /* GetStartedTests.swift in Sources */,
				1387302B290ADC490049D1D2 /* Inspection+Extension.swift in Sources */,
				13873035290ADCB70049D1D2 /* PreviewTests.swift in Sources */,
				13873030290ADC7E0049D1D2 /* LoginOptionsViewTests.swift in Sources */,
				2AE863D2290FB57B00EA1B4B /* SelectYourCountryViewModelTests.swift in Sources */,
				1392AC7629240436003E1934 /* EntitiesTests.swift in Sources */,
				2AE863D5290FB9A800EA1B4B /* CountryListViewModelTests.swift in Sources */,
			);
			runOnlyForDeploymentPostprocessing = 0;
		};
/* End PBXSourcesBuildPhase section */

/* Begin PBXTargetDependency section */
		13873003290ACAFD0049D1D2 /* PBXTargetDependency */ = {
			isa = PBXTargetDependency;
			target = 13872FE8290ACA7E0049D1D2 /* Armadio */;
			targetProxy = 13873002290ACAFD0049D1D2 /* PBXContainerItemProxy */;
		};
/* End PBXTargetDependency section */

/* Begin XCBuildConfiguration section */
		13872FF5290ACA800049D1D2 /* Debug */ = {
			isa = XCBuildConfiguration;
			buildSettings = {
				ALWAYS_SEARCH_USER_PATHS = NO;
				CLANG_ANALYZER_NONNULL = YES;
				CLANG_ANALYZER_NUMBER_OBJECT_CONVERSION = YES_AGGRESSIVE;
				CLANG_CXX_LANGUAGE_STANDARD = "gnu++20";
				CLANG_ENABLE_MODULES = YES;
				CLANG_ENABLE_OBJC_ARC = YES;
				CLANG_ENABLE_OBJC_WEAK = YES;
				CLANG_WARN_BLOCK_CAPTURE_AUTORELEASING = YES;
				CLANG_WARN_BOOL_CONVERSION = YES;
				CLANG_WARN_COMMA = YES;
				CLANG_WARN_CONSTANT_CONVERSION = YES;
				CLANG_WARN_DEPRECATED_OBJC_IMPLEMENTATIONS = YES;
				CLANG_WARN_DIRECT_OBJC_ISA_USAGE = YES_ERROR;
				CLANG_WARN_DOCUMENTATION_COMMENTS = YES;
				CLANG_WARN_EMPTY_BODY = YES;
				CLANG_WARN_ENUM_CONVERSION = YES;
				CLANG_WARN_INFINITE_RECURSION = YES;
				CLANG_WARN_INT_CONVERSION = YES;
				CLANG_WARN_NON_LITERAL_NULL_CONVERSION = YES;
				CLANG_WARN_OBJC_IMPLICIT_RETAIN_SELF = YES;
				CLANG_WARN_OBJC_LITERAL_CONVERSION = YES;
				CLANG_WARN_OBJC_ROOT_CLASS = YES_ERROR;
				CLANG_WARN_QUOTED_INCLUDE_IN_FRAMEWORK_HEADER = YES;
				CLANG_WARN_RANGE_LOOP_ANALYSIS = YES;
				CLANG_WARN_STRICT_PROTOTYPES = YES;
				CLANG_WARN_SUSPICIOUS_MOVE = YES;
				CLANG_WARN_UNGUARDED_AVAILABILITY = YES_AGGRESSIVE;
				CLANG_WARN_UNREACHABLE_CODE = YES;
				CLANG_WARN__DUPLICATE_METHOD_MATCH = YES;
				COPY_PHASE_STRIP = NO;
				DEBUG_INFORMATION_FORMAT = dwarf;
				ENABLE_STRICT_OBJC_MSGSEND = YES;
				ENABLE_TESTABILITY = YES;
				GCC_C_LANGUAGE_STANDARD = gnu11;
				GCC_DYNAMIC_NO_PIC = NO;
				GCC_NO_COMMON_BLOCKS = YES;
				GCC_OPTIMIZATION_LEVEL = 0;
				GCC_PREPROCESSOR_DEFINITIONS = (
					"DEBUG=1",
					"$(inherited)",
				);
				GCC_WARN_64_TO_32_BIT_CONVERSION = YES;
				GCC_WARN_ABOUT_RETURN_TYPE = YES_ERROR;
				GCC_WARN_UNDECLARED_SELECTOR = YES;
				GCC_WARN_UNINITIALIZED_AUTOS = YES_AGGRESSIVE;
				GCC_WARN_UNUSED_FUNCTION = YES;
				GCC_WARN_UNUSED_VARIABLE = YES;
				IPHONEOS_DEPLOYMENT_TARGET = 16.0;
				MTL_ENABLE_DEBUG_INFO = INCLUDE_SOURCE;
				MTL_FAST_MATH = YES;
				ONLY_ACTIVE_ARCH = YES;
				SDKROOT = iphoneos;
				SWIFT_ACTIVE_COMPILATION_CONDITIONS = DEBUG;
				SWIFT_OPTIMIZATION_LEVEL = "-Onone";
			};
			name = Debug;
		};
		13872FF6290ACA800049D1D2 /* Release */ = {
			isa = XCBuildConfiguration;
			buildSettings = {
				ALWAYS_SEARCH_USER_PATHS = NO;
				CLANG_ANALYZER_NONNULL = YES;
				CLANG_ANALYZER_NUMBER_OBJECT_CONVERSION = YES_AGGRESSIVE;
				CLANG_CXX_LANGUAGE_STANDARD = "gnu++20";
				CLANG_ENABLE_MODULES = YES;
				CLANG_ENABLE_OBJC_ARC = YES;
				CLANG_ENABLE_OBJC_WEAK = YES;
				CLANG_WARN_BLOCK_CAPTURE_AUTORELEASING = YES;
				CLANG_WARN_BOOL_CONVERSION = YES;
				CLANG_WARN_COMMA = YES;
				CLANG_WARN_CONSTANT_CONVERSION = YES;
				CLANG_WARN_DEPRECATED_OBJC_IMPLEMENTATIONS = YES;
				CLANG_WARN_DIRECT_OBJC_ISA_USAGE = YES_ERROR;
				CLANG_WARN_DOCUMENTATION_COMMENTS = YES;
				CLANG_WARN_EMPTY_BODY = YES;
				CLANG_WARN_ENUM_CONVERSION = YES;
				CLANG_WARN_INFINITE_RECURSION = YES;
				CLANG_WARN_INT_CONVERSION = YES;
				CLANG_WARN_NON_LITERAL_NULL_CONVERSION = YES;
				CLANG_WARN_OBJC_IMPLICIT_RETAIN_SELF = YES;
				CLANG_WARN_OBJC_LITERAL_CONVERSION = YES;
				CLANG_WARN_OBJC_ROOT_CLASS = YES_ERROR;
				CLANG_WARN_QUOTED_INCLUDE_IN_FRAMEWORK_HEADER = YES;
				CLANG_WARN_RANGE_LOOP_ANALYSIS = YES;
				CLANG_WARN_STRICT_PROTOTYPES = YES;
				CLANG_WARN_SUSPICIOUS_MOVE = YES;
				CLANG_WARN_UNGUARDED_AVAILABILITY = YES_AGGRESSIVE;
				CLANG_WARN_UNREACHABLE_CODE = YES;
				CLANG_WARN__DUPLICATE_METHOD_MATCH = YES;
				COPY_PHASE_STRIP = NO;
				DEBUG_INFORMATION_FORMAT = "dwarf-with-dsym";
				ENABLE_NS_ASSERTIONS = NO;
				ENABLE_STRICT_OBJC_MSGSEND = YES;
				GCC_C_LANGUAGE_STANDARD = gnu11;
				GCC_NO_COMMON_BLOCKS = YES;
				GCC_WARN_64_TO_32_BIT_CONVERSION = YES;
				GCC_WARN_ABOUT_RETURN_TYPE = YES_ERROR;
				GCC_WARN_UNDECLARED_SELECTOR = YES;
				GCC_WARN_UNINITIALIZED_AUTOS = YES_AGGRESSIVE;
				GCC_WARN_UNUSED_FUNCTION = YES;
				GCC_WARN_UNUSED_VARIABLE = YES;
				IPHONEOS_DEPLOYMENT_TARGET = 16.0;
				MTL_ENABLE_DEBUG_INFO = NO;
				MTL_FAST_MATH = YES;
				SDKROOT = iphoneos;
				SWIFT_COMPILATION_MODE = wholemodule;
				SWIFT_OPTIMIZATION_LEVEL = "-O";
				VALIDATE_PRODUCT = YES;
			};
			name = Release;
		};
		13872FF8290ACA800049D1D2 /* Debug */ = {
			isa = XCBuildConfiguration;
			buildSettings = {
				ASSETCATALOG_COMPILER_APPICON_NAME = AppIcon;
				ASSETCATALOG_COMPILER_GLOBAL_ACCENT_COLOR_NAME = AccentColor;
				CODE_SIGN_STYLE = Automatic;
				CURRENT_PROJECT_VERSION = 1;
				DEVELOPMENT_ASSET_PATHS = "\"Armadio/Preview Content\"";
				DEVELOPMENT_TEAM = 9AKL82KSN5;
				ENABLE_PREVIEWS = YES;
				GENERATE_INFOPLIST_FILE = YES;
				INFOPLIST_FILE = Armadio/Info.plist;
				INFOPLIST_KEY_UIApplicationSceneManifest_Generation = YES;
				INFOPLIST_KEY_UIApplicationSupportsIndirectInputEvents = YES;
				INFOPLIST_KEY_UILaunchScreen_Generation = YES;
				INFOPLIST_KEY_UISupportedInterfaceOrientations_iPad = "UIInterfaceOrientationPortrait UIInterfaceOrientationPortraitUpsideDown UIInterfaceOrientationLandscapeLeft UIInterfaceOrientationLandscapeRight";
				INFOPLIST_KEY_UISupportedInterfaceOrientations_iPhone = "UIInterfaceOrientationPortrait UIInterfaceOrientationLandscapeLeft UIInterfaceOrientationLandscapeRight";
				LD_RUNPATH_SEARCH_PATHS = (
					"$(inherited)",
					"@executable_path/Frameworks",
				);
				MARKETING_VERSION = 1.0;
				PRODUCT_BUNDLE_IDENTIFIER = miltenkot.com.Armadio;
				PRODUCT_NAME = "$(TARGET_NAME)";
				SWIFT_EMIT_LOC_STRINGS = YES;
				SWIFT_VERSION = 5.0;
				TARGETED_DEVICE_FAMILY = "1,2";
			};
			name = Debug;
		};
		13872FF9290ACA800049D1D2 /* Release */ = {
			isa = XCBuildConfiguration;
			buildSettings = {
				ASSETCATALOG_COMPILER_APPICON_NAME = AppIcon;
				ASSETCATALOG_COMPILER_GLOBAL_ACCENT_COLOR_NAME = AccentColor;
				CODE_SIGN_STYLE = Automatic;
				CURRENT_PROJECT_VERSION = 1;
				DEVELOPMENT_ASSET_PATHS = "\"Armadio/Preview Content\"";
				DEVELOPMENT_TEAM = 9AKL82KSN5;
				ENABLE_PREVIEWS = YES;
				GENERATE_INFOPLIST_FILE = YES;
				INFOPLIST_FILE = Armadio/Info.plist;
				INFOPLIST_KEY_UIApplicationSceneManifest_Generation = YES;
				INFOPLIST_KEY_UIApplicationSupportsIndirectInputEvents = YES;
				INFOPLIST_KEY_UILaunchScreen_Generation = YES;
				INFOPLIST_KEY_UISupportedInterfaceOrientations_iPad = "UIInterfaceOrientationPortrait UIInterfaceOrientationPortraitUpsideDown UIInterfaceOrientationLandscapeLeft UIInterfaceOrientationLandscapeRight";
				INFOPLIST_KEY_UISupportedInterfaceOrientations_iPhone = "UIInterfaceOrientationPortrait UIInterfaceOrientationLandscapeLeft UIInterfaceOrientationLandscapeRight";
				LD_RUNPATH_SEARCH_PATHS = (
					"$(inherited)",
					"@executable_path/Frameworks",
				);
				MARKETING_VERSION = 1.0;
				PRODUCT_BUNDLE_IDENTIFIER = miltenkot.com.Armadio;
				PRODUCT_NAME = "$(TARGET_NAME)";
				SWIFT_EMIT_LOC_STRINGS = YES;
				SWIFT_VERSION = 5.0;
				TARGETED_DEVICE_FAMILY = "1,2";
			};
			name = Release;
		};
		13873005290ACAFD0049D1D2 /* Debug */ = {
			isa = XCBuildConfiguration;
			buildSettings = {
				BUNDLE_LOADER = "$(TEST_HOST)";
				CODE_SIGN_STYLE = Automatic;
				CURRENT_PROJECT_VERSION = 1;
				DEVELOPMENT_TEAM = 9AKL82KSN5;
				GENERATE_INFOPLIST_FILE = YES;
				MARKETING_VERSION = 1.0;
				PRODUCT_BUNDLE_IDENTIFIER = miltenkot.com.ArmadioUnitTests;
				PRODUCT_NAME = "$(TARGET_NAME)";
				SWIFT_EMIT_LOC_STRINGS = NO;
				SWIFT_VERSION = 5.0;
				TARGETED_DEVICE_FAMILY = "1,2";
				TEST_HOST = "$(BUILT_PRODUCTS_DIR)/Armadio.app/$(BUNDLE_EXECUTABLE_FOLDER_PATH)/Armadio";
			};
			name = Debug;
		};
		13873006290ACAFD0049D1D2 /* Release */ = {
			isa = XCBuildConfiguration;
			buildSettings = {
				BUNDLE_LOADER = "$(TEST_HOST)";
				CODE_SIGN_STYLE = Automatic;
				CURRENT_PROJECT_VERSION = 1;
				DEVELOPMENT_TEAM = 9AKL82KSN5;
				GENERATE_INFOPLIST_FILE = YES;
				MARKETING_VERSION = 1.0;
				PRODUCT_BUNDLE_IDENTIFIER = miltenkot.com.ArmadioUnitTests;
				PRODUCT_NAME = "$(TARGET_NAME)";
				SWIFT_EMIT_LOC_STRINGS = NO;
				SWIFT_VERSION = 5.0;
				TARGETED_DEVICE_FAMILY = "1,2";
				TEST_HOST = "$(BUILT_PRODUCTS_DIR)/Armadio.app/$(BUNDLE_EXECUTABLE_FOLDER_PATH)/Armadio";
			};
			name = Release;
		};
/* End XCBuildConfiguration section */

/* Begin XCConfigurationList section */
		13872FE4290ACA7E0049D1D2 /* Build configuration list for PBXProject "Armadio" */ = {
			isa = XCConfigurationList;
			buildConfigurations = (
				13872FF5290ACA800049D1D2 /* Debug */,
				13872FF6290ACA800049D1D2 /* Release */,
			);
			defaultConfigurationIsVisible = 0;
			defaultConfigurationName = Release;
		};
		13872FF7290ACA800049D1D2 /* Build configuration list for PBXNativeTarget "Armadio" */ = {
			isa = XCConfigurationList;
			buildConfigurations = (
				13872FF8290ACA800049D1D2 /* Debug */,
				13872FF9290ACA800049D1D2 /* Release */,
			);
			defaultConfigurationIsVisible = 0;
			defaultConfigurationName = Release;
		};
		13873004290ACAFD0049D1D2 /* Build configuration list for PBXNativeTarget "ArmadioUnitTests" */ = {
			isa = XCConfigurationList;
			buildConfigurations = (
				13873005290ACAFD0049D1D2 /* Debug */,
				13873006290ACAFD0049D1D2 /* Release */,
			);
			defaultConfigurationIsVisible = 0;
			defaultConfigurationName = Release;
		};
/* End XCConfigurationList section */

/* Begin XCRemoteSwiftPackageReference section */
		131AA9232919726100C876C2 /* XCRemoteSwiftPackageReference "firebase-ios-sdk" */ = {
			isa = XCRemoteSwiftPackageReference;
			repositoryURL = "https://github.com/firebase/firebase-ios-sdk";
			requirement = {
				kind = upToNextMajorVersion;
				minimumVersion = 9.0.0;
			};
		};
		13873007290ACB1A0049D1D2 /* XCRemoteSwiftPackageReference "ViewInspector" */ = {
			isa = XCRemoteSwiftPackageReference;
			repositoryURL = "https://github.com/nalexn/ViewInspector.git";
			requirement = {
				kind = upToNextMajorVersion;
				minimumVersion = 0.9.2;
			};
		};
		2AA48498290E70E900EC4814 /* XCRemoteSwiftPackageReference "Factory" */ = {
			isa = XCRemoteSwiftPackageReference;
			repositoryURL = "https://github.com/hmlongco/Factory.git";
			requirement = {
				kind = upToNextMajorVersion;
				minimumVersion = 1.0.0;
			};
		};
/* End XCRemoteSwiftPackageReference section */

/* Begin XCSwiftPackageProductDependency section */
		131AA9242919726100C876C2 /* FirebaseAnalytics */ = {
			isa = XCSwiftPackageProductDependency;
			package = 131AA9232919726100C876C2 /* XCRemoteSwiftPackageReference "firebase-ios-sdk" */;
			productName = FirebaseAnalytics;
		};
		131AA9262919726100C876C2 /* FirebaseCrashlytics */ = {
			isa = XCSwiftPackageProductDependency;
			package = 131AA9232919726100C876C2 /* XCRemoteSwiftPackageReference "firebase-ios-sdk" */;
			productName = FirebaseCrashlytics;
		};
		131AA92B291A847F00C876C2 /* FirebaseAuth */ = {
			isa = XCSwiftPackageProductDependency;
			package = 131AA9232919726100C876C2 /* XCRemoteSwiftPackageReference "firebase-ios-sdk" */;
			productName = FirebaseAuth;
		};
		13873008290ACB1A0049D1D2 /* ViewInspector */ = {
			isa = XCSwiftPackageProductDependency;
			package = 13873007290ACB1A0049D1D2 /* XCRemoteSwiftPackageReference "ViewInspector" */;
			productName = ViewInspector;
		};
		2AA48499290E70E900EC4814 /* Factory */ = {
			isa = XCSwiftPackageProductDependency;
			package = 2AA48498290E70E900EC4814 /* XCRemoteSwiftPackageReference "Factory" */;
			productName = Factory;
		};
/* End XCSwiftPackageProductDependency section */

/* Begin XCVersionGroup section */
		131AA933291AA87500C876C2 /* Armadio.xcdatamodeld */ = {
			isa = XCVersionGroup;
			children = (
				131AA934291AA87500C876C2 /* Armadio.xcdatamodel */,
			);
			currentVersion = 131AA934291AA87500C876C2 /* Armadio.xcdatamodel */;
			path = Armadio.xcdatamodeld;
			sourceTree = "<group>";
			versionGroupType = wrapper.xcdatamodel;
		};
/* End XCVersionGroup section */
	};
	rootObject = 13872FE1290ACA7E0049D1D2 /* Project object */;
}
